
Microsoft Visual Studio Solution File, Format Version 12.00
# Visual Studio 2012
Project("{FAE04EC0-301F-11D3-BF4B-00C04F79EFBC}") = "Bruchrechnen", "Bruchrechnen\Bruchrechnen.csproj", "{01728027-E087-4768-9D3F-0EECFFD8ABEB}"
EndProject
Global
	GlobalSection(SolutionConfigurationPlatforms) = preSolution
		Debug|Any CPU = Debug|Any CPU
		Release|Any CPU = Release|Any CPU
	EndGlobalSection
	GlobalSection(ProjectConfigurationPlatforms) = postSolution
		{01728027-E087-4768-9D3F-0EECFFD8ABEB}.Debug|Any CPU.ActiveCfg = Debug|Any CPU
		{01728027-E087-4768-9D3F-0EECFFD8ABEB}.Debug|Any CPU.Build.0 = Debug|Any CPU
		{01728027-E087-4768-9D3F-0EECFFD8ABEB}.Release|Any CPU.ActiveCfg = Release|Any CPU
		{01728027-E087-4768-9D3F-0EECFFD8ABEB}.Release|Any CPU.Build.0 = Release|Any CPU
	EndGlobalSection
	GlobalSection(SolutionProperties) = preSolution
		HideSolutionNode = FALSE
	EndGlobalSection
EndGlobal
